// !$*UTF8*$!
{
	archiveVersion = 1;
	classes = {
	};
	objectVersion = 56;
	objects = {

/* Begin PBXBuildFile section */
		614CFA152B2146C30077D5BE /* YourFirstSocialMediaApp.swift in Sources */ = {isa = PBXBuildFile; fileRef = 614CFA142B2146C30077D5BE /* YourFirstSocialMediaApp.swift */; };
		614CFA192B2146C40077D5BE /* Assets.xcassets in Resources */ = {isa = PBXBuildFile; fileRef = 614CFA182B2146C40077D5BE /* Assets.xcassets */; };
		614CFA1C2B2146C40077D5BE /* Preview Assets.xcassets in Resources */ = {isa = PBXBuildFile; fileRef = 614CFA1B2B2146C40077D5BE /* Preview Assets.xcassets */; };
		614CFA262B2146C40077D5BE /* YourFirstSocialMediaTests.swift in Sources */ = {isa = PBXBuildFile; fileRef = 614CFA252B2146C40077D5BE /* YourFirstSocialMediaTests.swift */; };
		614CFA302B2146C40077D5BE /* YourFirstSocialMediaUITests.swift in Sources */ = {isa = PBXBuildFile; fileRef = 614CFA2F2B2146C40077D5BE /* YourFirstSocialMediaUITests.swift */; };
		614CFA322B2146C40077D5BE /* YourFirstSocialMediaUITestsLaunchTests.swift in Sources */ = {isa = PBXBuildFile; fileRef = 614CFA312B2146C40077D5BE /* YourFirstSocialMediaUITestsLaunchTests.swift */; };
		F9E2E0A32B21712D00F999A1 /* ProfileModel.swift in Sources */ = {isa = PBXBuildFile; fileRef = F9E2E0A22B21712D00F999A1 /* ProfileModel.swift */; };
		F9E2E0A72B21757500F999A1 /* HomeViewModel.swift in Sources */ = {isa = PBXBuildFile; fileRef = F9E2E0A62B21757500F999A1 /* HomeViewModel.swift */; };
		F9E2E0A92B21758400F999A1 /* HomeModel.swift in Sources */ = {isa = PBXBuildFile; fileRef = F9E2E0A82B21758400F999A1 /* HomeModel.swift */; };
		F9E2E0AB2B21759800F999A1 /* Post.swift in Sources */ = {isa = PBXBuildFile; fileRef = F9E2E0AA2B21759800F999A1 /* Post.swift */; };
		FB2F30402B216B08009EA8F3 /* NavigationTabView.swift in Sources */ = {isa = PBXBuildFile; fileRef = FB2F303F2B216B08009EA8F3 /* NavigationTabView.swift */; };
		FB2F30422B216B63009EA8F3 /* HomeView.swift in Sources */ = {isa = PBXBuildFile; fileRef = FB2F30412B216B63009EA8F3 /* HomeView.swift */; };
		FB2F30442B216B71009EA8F3 /* ProfileView.swift in Sources */ = {isa = PBXBuildFile; fileRef = FB2F30432B216B71009EA8F3 /* ProfileView.swift */; };
		FB2F30462B216C4A009EA8F3 /* SideBar.swift in Sources */ = {isa = PBXBuildFile; fileRef = FB2F30452B216C4A009EA8F3 /* SideBar.swift */; };
		FB2F30482B216C94009EA8F3 /* SideBarView.swift in Sources */ = {isa = PBXBuildFile; fileRef = FB2F30472B216C94009EA8F3 /* SideBarView.swift */; };
/* End PBXBuildFile section */

/* Begin PBXContainerItemProxy section */
		614CFA222B2146C40077D5BE /* PBXContainerItemProxy */ = {
			isa = PBXContainerItemProxy;
			containerPortal = 614CFA092B2146C20077D5BE /* Project object */;
			proxyType = 1;
			remoteGlobalIDString = 614CFA102B2146C30077D5BE;
			remoteInfo = YourFirstSocialMedia;
		};
		614CFA2C2B2146C40077D5BE /* PBXContainerItemProxy */ = {
			isa = PBXContainerItemProxy;
			containerPortal = 614CFA092B2146C20077D5BE /* Project object */;
			proxyType = 1;
			remoteGlobalIDString = 614CFA102B2146C30077D5BE;
			remoteInfo = YourFirstSocialMedia;
		};
/* End PBXContainerItemProxy section */

/* Begin PBXFileReference section */
		614CFA112B2146C30077D5BE /* YourFirstSocialMedia.app */ = {isa = PBXFileReference; explicitFileType = wrapper.application; includeInIndex = 0; path = YourFirstSocialMedia.app; sourceTree = BUILT_PRODUCTS_DIR; };
		614CFA142B2146C30077D5BE /* YourFirstSocialMediaApp.swift */ = {isa = PBXFileReference; lastKnownFileType = sourcecode.swift; path = YourFirstSocialMediaApp.swift; sourceTree = "<group>"; };
		614CFA182B2146C40077D5BE /* Assets.xcassets */ = {isa = PBXFileReference; lastKnownFileType = folder.assetcatalog; path = Assets.xcassets; sourceTree = "<group>"; };
		614CFA1B2B2146C40077D5BE /* Preview Assets.xcassets */ = {isa = PBXFileReference; lastKnownFileType = folder.assetcatalog; path = "Preview Assets.xcassets"; sourceTree = "<group>"; };
		614CFA212B2146C40077D5BE /* YourFirstSocialMediaTests.xctest */ = {isa = PBXFileReference; explicitFileType = wrapper.cfbundle; includeInIndex = 0; path = YourFirstSocialMediaTests.xctest; sourceTree = BUILT_PRODUCTS_DIR; };
		614CFA252B2146C40077D5BE /* YourFirstSocialMediaTests.swift */ = {isa = PBXFileReference; lastKnownFileType = sourcecode.swift; path = YourFirstSocialMediaTests.swift; sourceTree = "<group>"; };
		614CFA2B2B2146C40077D5BE /* YourFirstSocialMediaUITests.xctest */ = {isa = PBXFileReference; explicitFileType = wrapper.cfbundle; includeInIndex = 0; path = YourFirstSocialMediaUITests.xctest; sourceTree = BUILT_PRODUCTS_DIR; };
		614CFA2F2B2146C40077D5BE /* YourFirstSocialMediaUITests.swift */ = {isa = PBXFileReference; lastKnownFileType = sourcecode.swift; path = YourFirstSocialMediaUITests.swift; sourceTree = "<group>"; };
		614CFA312B2146C40077D5BE /* YourFirstSocialMediaUITestsLaunchTests.swift */ = {isa = PBXFileReference; lastKnownFileType = sourcecode.swift; path = YourFirstSocialMediaUITestsLaunchTests.swift; sourceTree = "<group>"; };
		F9E2E0A22B21712D00F999A1 /* ProfileModel.swift */ = {isa = PBXFileReference; lastKnownFileType = sourcecode.swift; path = ProfileModel.swift; sourceTree = "<group>"; };
		F9E2E0A62B21757500F999A1 /* HomeViewModel.swift */ = {isa = PBXFileReference; lastKnownFileType = sourcecode.swift; path = HomeViewModel.swift; sourceTree = "<group>"; };
		F9E2E0A82B21758400F999A1 /* HomeModel.swift */ = {isa = PBXFileReference; lastKnownFileType = sourcecode.swift; path = HomeModel.swift; sourceTree = "<group>"; };
		F9E2E0AA2B21759800F999A1 /* Post.swift */ = {isa = PBXFileReference; lastKnownFileType = sourcecode.swift; path = Post.swift; sourceTree = "<group>"; };
		FB2F303F2B216B08009EA8F3 /* NavigationTabView.swift */ = {isa = PBXFileReference; lastKnownFileType = sourcecode.swift; path = NavigationTabView.swift; sourceTree = "<group>"; };
		FB2F30412B216B63009EA8F3 /* HomeView.swift */ = {isa = PBXFileReference; lastKnownFileType = sourcecode.swift; path = HomeView.swift; sourceTree = "<group>"; };
		FB2F30432B216B71009EA8F3 /* ProfileView.swift */ = {isa = PBXFileReference; lastKnownFileType = sourcecode.swift; path = ProfileView.swift; sourceTree = "<group>"; };
		FB2F30452B216C4A009EA8F3 /* SideBar.swift */ = {isa = PBXFileReference; lastKnownFileType = sourcecode.swift; path = SideBar.swift; sourceTree = "<group>"; };
		FB2F30472B216C94009EA8F3 /* SideBarView.swift */ = {isa = PBXFileReference; lastKnownFileType = sourcecode.swift; path = SideBarView.swift; sourceTree = "<group>"; };
/* End PBXFileReference section */

/* Begin PBXFrameworksBuildPhase section */
		614CFA0E2B2146C30077D5BE /* Frameworks */ = {
			isa = PBXFrameworksBuildPhase;
			buildActionMask = 2147483647;
			files = (
			);
			runOnlyForDeploymentPostprocessing = 0;
		};
		614CFA1E2B2146C40077D5BE /* Frameworks */ = {
			isa = PBXFrameworksBuildPhase;
			buildActionMask = 2147483647;
			files = (
			);
			runOnlyForDeploymentPostprocessing = 0;
		};
		614CFA282B2146C40077D5BE /* Frameworks */ = {
			isa = PBXFrameworksBuildPhase;
			buildActionMask = 2147483647;
			files = (
			);
			runOnlyForDeploymentPostprocessing = 0;
		};
/* End PBXFrameworksBuildPhase section */

/* Begin PBXGroup section */
		614CFA082B2146C20077D5BE = {
			isa = PBXGroup;
			children = (
				614CFA132B2146C30077D5BE /* YourFirstSocialMedia */,
				614CFA242B2146C40077D5BE /* YourFirstSocialMediaTests */,
				614CFA2E2B2146C40077D5BE /* YourFirstSocialMediaUITests */,
				614CFA122B2146C30077D5BE /* Products */,
			);
			sourceTree = "<group>";
		};
		614CFA122B2146C30077D5BE /* Products */ = {
			isa = PBXGroup;
			children = (
				614CFA112B2146C30077D5BE /* YourFirstSocialMedia.app */,
				614CFA212B2146C40077D5BE /* YourFirstSocialMediaTests.xctest */,
				614CFA2B2B2146C40077D5BE /* YourFirstSocialMediaUITests.xctest */,
			);
			name = Products;
			sourceTree = "<group>";
		};
		614CFA132B2146C30077D5BE /* YourFirstSocialMedia */ = {
			isa = PBXGroup;
			children = (
				614CFA142B2146C30077D5BE /* YourFirstSocialMediaApp.swift */,
				F9E2E0A12B2170CE00F999A1 /* Home */,
				FB2F30492B216C9B009EA8F3 /* SideBar */,
				F9E2E0A02B2170C200F999A1 /* Profile */,
				FB2F303F2B216B08009EA8F3 /* NavigationTabView.swift */,
				614CFA182B2146C40077D5BE /* Assets.xcassets */,
				614CFA1A2B2146C40077D5BE /* Preview Content */,
			);
			path = YourFirstSocialMedia;
			sourceTree = "<group>";
		};
		614CFA1A2B2146C40077D5BE /* Preview Content */ = {
			isa = PBXGroup;
			children = (
				614CFA1B2B2146C40077D5BE /* Preview Assets.xcassets */,
			);
			path = "Preview Content";
			sourceTree = "<group>";
		};
		614CFA242B2146C40077D5BE /* YourFirstSocialMediaTests */ = {
			isa = PBXGroup;
			children = (
				614CFA252B2146C40077D5BE /* YourFirstSocialMediaTests.swift */,
			);
			path = YourFirstSocialMediaTests;
			sourceTree = "<group>";
		};
		614CFA2E2B2146C40077D5BE /* YourFirstSocialMediaUITests */ = {
			isa = PBXGroup;
			children = (
				614CFA2F2B2146C40077D5BE /* YourFirstSocialMediaUITests.swift */,
				614CFA312B2146C40077D5BE /* YourFirstSocialMediaUITestsLaunchTests.swift */,
			);
			path = YourFirstSocialMediaUITests;
			sourceTree = "<group>";
		};
		F9E2E0A02B2170C200F999A1 /* Profile */ = {
			isa = PBXGroup;
			children = (
				FB2F30432B216B71009EA8F3 /* ProfileView.swift */,
				F9E2E0A22B21712D00F999A1 /* ProfileModel.swift */,
			);
			path = Profile;
			sourceTree = "<group>";
		};
		F9E2E0A12B2170CE00F999A1 /* Home */ = {
			isa = PBXGroup;
			children = (
				F9E2E0AA2B21759800F999A1 /* Post.swift */,
				FB2F30412B216B63009EA8F3 /* HomeView.swift */,
				F9E2E0A62B21757500F999A1 /* HomeViewModel.swift */,
				F9E2E0A82B21758400F999A1 /* HomeModel.swift */,
			);
			path = Home;
			sourceTree = "<group>";
		};
		FB2F30492B216C9B009EA8F3 /* SideBar */ = {
			isa = PBXGroup;
			children = (
				FB2F30472B216C94009EA8F3 /* SideBarView.swift */,
				FB2F30452B216C4A009EA8F3 /* SideBar.swift */,
			);
			path = SideBar;
			sourceTree = "<group>";
		};
/* End PBXGroup section */

/* Begin PBXNativeTarget section */
		614CFA102B2146C30077D5BE /* YourFirstSocialMedia */ = {
			isa = PBXNativeTarget;
			buildConfigurationList = 614CFA352B2146C40077D5BE /* Build configuration list for PBXNativeTarget "YourFirstSocialMedia" */;
			buildPhases = (
				614CFA0D2B2146C30077D5BE /* Sources */,
				614CFA0E2B2146C30077D5BE /* Frameworks */,
				614CFA0F2B2146C30077D5BE /* Resources */,
			);
			buildRules = (
			);
			dependencies = (
			);
			name = YourFirstSocialMedia;
			productName = YourFirstSocialMedia;
			productReference = 614CFA112B2146C30077D5BE /* YourFirstSocialMedia.app */;
			productType = "com.apple.product-type.application";
		};
		614CFA202B2146C40077D5BE /* YourFirstSocialMediaTests */ = {
			isa = PBXNativeTarget;
			buildConfigurationList = 614CFA382B2146C40077D5BE /* Build configuration list for PBXNativeTarget "YourFirstSocialMediaTests" */;
			buildPhases = (
				614CFA1D2B2146C40077D5BE /* Sources */,
				614CFA1E2B2146C40077D5BE /* Frameworks */,
				614CFA1F2B2146C40077D5BE /* Resources */,
			);
			buildRules = (
			);
			dependencies = (
				614CFA232B2146C40077D5BE /* PBXTargetDependency */,
			);
			name = YourFirstSocialMediaTests;
			productName = YourFirstSocialMediaTests;
			productReference = 614CFA212B2146C40077D5BE /* YourFirstSocialMediaTests.xctest */;
			productType = "com.apple.product-type.bundle.unit-test";
		};
		614CFA2A2B2146C40077D5BE /* YourFirstSocialMediaUITests */ = {
			isa = PBXNativeTarget;
			buildConfigurationList = 614CFA3B2B2146C40077D5BE /* Build configuration list for PBXNativeTarget "YourFirstSocialMediaUITests" */;
			buildPhases = (
				614CFA272B2146C40077D5BE /* Sources */,
				614CFA282B2146C40077D5BE /* Frameworks */,
				614CFA292B2146C40077D5BE /* Resources */,
			);
			buildRules = (
			);
			dependencies = (
				614CFA2D2B2146C40077D5BE /* PBXTargetDependency */,
			);
			name = YourFirstSocialMediaUITests;
			productName = YourFirstSocialMediaUITests;
			productReference = 614CFA2B2B2146C40077D5BE /* YourFirstSocialMediaUITests.xctest */;
			productType = "com.apple.product-type.bundle.ui-testing";
		};
/* End PBXNativeTarget section */

/* Begin PBXProject section */
		614CFA092B2146C20077D5BE /* Project object */ = {
			isa = PBXProject;
			attributes = {
				BuildIndependentTargetsInParallel = 1;
				LastSwiftUpdateCheck = 1430;
				LastUpgradeCheck = 1430;
				TargetAttributes = {
					614CFA102B2146C30077D5BE = {
						CreatedOnToolsVersion = 14.3.1;
					};
					614CFA202B2146C40077D5BE = {
						CreatedOnToolsVersion = 14.3.1;
						TestTargetID = 614CFA102B2146C30077D5BE;
					};
					614CFA2A2B2146C40077D5BE = {
						CreatedOnToolsVersion = 14.3.1;
						TestTargetID = 614CFA102B2146C30077D5BE;
					};
				};
			};
			buildConfigurationList = 614CFA0C2B2146C20077D5BE /* Build configuration list for PBXProject "YourFirstSocialMedia" */;
			compatibilityVersion = "Xcode 14.0";
			developmentRegion = en;
			hasScannedForEncodings = 0;
			knownRegions = (
				en,
				Base,
			);
			mainGroup = 614CFA082B2146C20077D5BE;
			productRefGroup = 614CFA122B2146C30077D5BE /* Products */;
			projectDirPath = "";
			projectRoot = "";
			targets = (
				614CFA102B2146C30077D5BE /* YourFirstSocialMedia */,
				614CFA202B2146C40077D5BE /* YourFirstSocialMediaTests */,
				614CFA2A2B2146C40077D5BE /* YourFirstSocialMediaUITests */,
			);
		};
/* End PBXProject section */

/* Begin PBXResourcesBuildPhase section */
		614CFA0F2B2146C30077D5BE /* Resources */ = {
			isa = PBXResourcesBuildPhase;
			buildActionMask = 2147483647;
			files = (
				614CFA1C2B2146C40077D5BE /* Preview Assets.xcassets in Resources */,
				614CFA192B2146C40077D5BE /* Assets.xcassets in Resources */,
			);
			runOnlyForDeploymentPostprocessing = 0;
		};
		614CFA1F2B2146C40077D5BE /* Resources */ = {
			isa = PBXResourcesBuildPhase;
			buildActionMask = 2147483647;
			files = (
			);
			runOnlyForDeploymentPostprocessing = 0;
		};
		614CFA292B2146C40077D5BE /* Resources */ = {
			isa = PBXResourcesBuildPhase;
			buildActionMask = 2147483647;
			files = (
			);
			runOnlyForDeploymentPostprocessing = 0;
		};
/* End PBXResourcesBuildPhase section */

/* Begin PBXSourcesBuildPhase section */
		614CFA0D2B2146C30077D5BE /* Sources */ = {
			isa = PBXSourcesBuildPhase;
			buildActionMask = 2147483647;
			files = (
				FB2F30402B216B08009EA8F3 /* NavigationTabView.swift in Sources */,
				F9E2E0A32B21712D00F999A1 /* ProfileModel.swift in Sources */,
				F9E2E0A92B21758400F999A1 /* HomeModel.swift in Sources */,
				FB2F30422B216B63009EA8F3 /* HomeView.swift in Sources */,
				F9E2E0A72B21757500F999A1 /* HomeViewModel.swift in Sources */,
				FB2F30442B216B71009EA8F3 /* ProfileView.swift in Sources */,
				FB2F30462B216C4A009EA8F3 /* SideBar.swift in Sources */,
				FB2F30482B216C94009EA8F3 /* SideBarView.swift in Sources */,
				614CFA152B2146C30077D5BE /* YourFirstSocialMediaApp.swift in Sources */,
				F9E2E0AB2B21759800F999A1 /* Post.swift in Sources */,
			);
			runOnlyForDeploymentPostprocessing = 0;
		};
		614CFA1D2B2146C40077D5BE /* Sources */ = {
			isa = PBXSourcesBuildPhase;
			buildActionMask = 2147483647;
			files = (
				614CFA262B2146C40077D5BE /* YourFirstSocialMediaTests.swift in Sources */,
			);
			runOnlyForDeploymentPostprocessing = 0;
		};
		614CFA272B2146C40077D5BE /* Sources */ = {
			isa = PBXSourcesBuildPhase;
			buildActionMask = 2147483647;
			files = (
				614CFA322B2146C40077D5BE /* YourFirstSocialMediaUITestsLaunchTests.swift in Sources */,
				614CFA302B2146C40077D5BE /* YourFirstSocialMediaUITests.swift in Sources */,
			);
			runOnlyForDeploymentPostprocessing = 0;
		};
/* End PBXSourcesBuildPhase section */

/* Begin PBXTargetDependency section */
		614CFA232B2146C40077D5BE /* PBXTargetDependency */ = {
			isa = PBXTargetDependency;
			target = 614CFA102B2146C30077D5BE /* YourFirstSocialMedia */;
			targetProxy = 614CFA222B2146C40077D5BE /* PBXContainerItemProxy */;
		};
		614CFA2D2B2146C40077D5BE /* PBXTargetDependency */ = {
			isa = PBXTargetDependency;
			target = 614CFA102B2146C30077D5BE /* YourFirstSocialMedia */;
			targetProxy = 614CFA2C2B2146C40077D5BE /* PBXContainerItemProxy */;
		};
/* End PBXTargetDependency section */

/* Begin XCBuildConfiguration section */
		614CFA332B2146C40077D5BE /* Debug */ = {
			isa = XCBuildConfiguration;
			buildSettings = {
				ALWAYS_SEARCH_USER_PATHS = NO;
				CLANG_ANALYZER_NONNULL = YES;
				CLANG_ANALYZER_NUMBER_OBJECT_CONVERSION = YES_AGGRESSIVE;
				CLANG_CXX_LANGUAGE_STANDARD = "gnu++20";
				CLANG_ENABLE_MODULES = YES;
				CLANG_ENABLE_OBJC_ARC = YES;
				CLANG_ENABLE_OBJC_WEAK = YES;
				CLANG_WARN_BLOCK_CAPTURE_AUTORELEASING = YES;
				CLANG_WARN_BOOL_CONVERSION = YES;
				CLANG_WARN_COMMA = YES;
				CLANG_WARN_CONSTANT_CONVERSION = YES;
				CLANG_WARN_DEPRECATED_OBJC_IMPLEMENTATIONS = YES;
				CLANG_WARN_DIRECT_OBJC_ISA_USAGE = YES_ERROR;
				CLANG_WARN_DOCUMENTATION_COMMENTS = YES;
				CLANG_WARN_EMPTY_BODY = YES;
				CLANG_WARN_ENUM_CONVERSION = YES;
				CLANG_WARN_INFINITE_RECURSION = YES;
				CLANG_WARN_INT_CONVERSION = YES;
				CLANG_WARN_NON_LITERAL_NULL_CONVERSION = YES;
				CLANG_WARN_OBJC_IMPLICIT_RETAIN_SELF = YES;
				CLANG_WARN_OBJC_LITERAL_CONVERSION = YES;
				CLANG_WARN_OBJC_ROOT_CLASS = YES_ERROR;
				CLANG_WARN_QUOTED_INCLUDE_IN_FRAMEWORK_HEADER = YES;
				CLANG_WARN_RANGE_LOOP_ANALYSIS = YES;
				CLANG_WARN_STRICT_PROTOTYPES = YES;
				CLANG_WARN_SUSPICIOUS_MOVE = YES;
				CLANG_WARN_UNGUARDED_AVAILABILITY = YES_AGGRESSIVE;
				CLANG_WARN_UNREACHABLE_CODE = YES;
				CLANG_WARN__DUPLICATE_METHOD_MATCH = YES;
				COPY_PHASE_STRIP = NO;
				DEBUG_INFORMATION_FORMAT = dwarf;
				ENABLE_STRICT_OBJC_MSGSEND = YES;
				ENABLE_TESTABILITY = YES;
				GCC_C_LANGUAGE_STANDARD = gnu11;
				GCC_DYNAMIC_NO_PIC = NO;
				GCC_NO_COMMON_BLOCKS = YES;
				GCC_OPTIMIZATION_LEVEL = 0;
				GCC_PREPROCESSOR_DEFINITIONS = (
					"DEBUG=1",
					"$(inherited)",
				);
				GCC_WARN_64_TO_32_BIT_CONVERSION = YES;
				GCC_WARN_ABOUT_RETURN_TYPE = YES_ERROR;
				GCC_WARN_UNDECLARED_SELECTOR = YES;
				GCC_WARN_UNINITIALIZED_AUTOS = YES_AGGRESSIVE;
				GCC_WARN_UNUSED_FUNCTION = YES;
				GCC_WARN_UNUSED_VARIABLE = YES;
				IPHONEOS_DEPLOYMENT_TARGET = 16.4;
				MTL_ENABLE_DEBUG_INFO = INCLUDE_SOURCE;
				MTL_FAST_MATH = YES;
				ONLY_ACTIVE_ARCH = YES;
				SDKROOT = iphoneos;
				SWIFT_ACTIVE_COMPILATION_CONDITIONS = DEBUG;
				SWIFT_OPTIMIZATION_LEVEL = "-Onone";
			};
			name = Debug;
		};
		614CFA342B2146C40077D5BE /* Release */ = {
			isa = XCBuildConfiguration;
			buildSettings = {
				ALWAYS_SEARCH_USER_PATHS = NO;
				CLANG_ANALYZER_NONNULL = YES;
				CLANG_ANALYZER_NUMBER_OBJECT_CONVERSION = YES_AGGRESSIVE;
				CLANG_CXX_LANGUAGE_STANDARD = "gnu++20";
				CLANG_ENABLE_MODULES = YES;
				CLANG_ENABLE_OBJC_ARC = YES;
				CLANG_ENABLE_OBJC_WEAK = YES;
				CLANG_WARN_BLOCK_CAPTURE_AUTORELEASING = YES;
				CLANG_WARN_BOOL_CONVERSION = YES;
				CLANG_WARN_COMMA = YES;
				CLANG_WARN_CONSTANT_CONVERSION = YES;
				CLANG_WARN_DEPRECATED_OBJC_IMPLEMENTATIONS = YES;
				CLANG_WARN_DIRECT_OBJC_ISA_USAGE = YES_ERROR;
				CLANG_WARN_DOCUMENTATION_COMMENTS = YES;
				CLANG_WARN_EMPTY_BODY = YES;
				CLANG_WARN_ENUM_CONVERSION = YES;
				CLANG_WARN_INFINITE_RECURSION = YES;
				CLANG_WARN_INT_CONVERSION = YES;
				CLANG_WARN_NON_LITERAL_NULL_CONVERSION = YES;
				CLANG_WARN_OBJC_IMPLICIT_RETAIN_SELF = YES;
				CLANG_WARN_OBJC_LITERAL_CONVERSION = YES;
				CLANG_WARN_OBJC_ROOT_CLASS = YES_ERROR;
				CLANG_WARN_QUOTED_INCLUDE_IN_FRAMEWORK_HEADER = YES;
				CLANG_WARN_RANGE_LOOP_ANALYSIS = YES;
				CLANG_WARN_STRICT_PROTOTYPES = YES;
				CLANG_WARN_SUSPICIOUS_MOVE = YES;
				CLANG_WARN_UNGUARDED_AVAILABILITY = YES_AGGRESSIVE;
				CLANG_WARN_UNREACHABLE_CODE = YES;
				CLANG_WARN__DUPLICATE_METHOD_MATCH = YES;
				COPY_PHASE_STRIP = NO;
				DEBUG_INFORMATION_FORMAT = "dwarf-with-dsym";
				ENABLE_NS_ASSERTIONS = NO;
				ENABLE_STRICT_OBJC_MSGSEND = YES;
				GCC_C_LANGUAGE_STANDARD = gnu11;
				GCC_NO_COMMON_BLOCKS = YES;
				GCC_WARN_64_TO_32_BIT_CONVERSION = YES;
				GCC_WARN_ABOUT_RETURN_TYPE = YES_ERROR;
				GCC_WARN_UNDECLARED_SELECTOR = YES;
				GCC_WARN_UNINITIALIZED_AUTOS = YES_AGGRESSIVE;
				GCC_WARN_UNUSED_FUNCTION = YES;
				GCC_WARN_UNUSED_VARIABLE = YES;
				IPHONEOS_DEPLOYMENT_TARGET = 16.4;
				MTL_ENABLE_DEBUG_INFO = NO;
				MTL_FAST_MATH = YES;
				SDKROOT = iphoneos;
				SWIFT_COMPILATION_MODE = wholemodule;
				SWIFT_OPTIMIZATION_LEVEL = "-O";
				VALIDATE_PRODUCT = YES;
			};
			name = Release;
		};
		614CFA362B2146C40077D5BE /* Debug */ = {
			isa = XCBuildConfiguration;
			buildSettings = {
				ASSETCATALOG_COMPILER_APPICON_NAME = AppIcon;
				ASSETCATALOG_COMPILER_GLOBAL_ACCENT_COLOR_NAME = AccentColor;
				CODE_SIGN_STYLE = Automatic;
				CURRENT_PROJECT_VERSION = 1;
				DEVELOPMENT_ASSET_PATHS = "\"YourFirstSocialMedia/Preview Content\"";
				DEVELOPMENT_TEAM = Y4M8Q7FFFV;
				ENABLE_PREVIEWS = YES;
				GENERATE_INFOPLIST_FILE = YES;
				INFOPLIST_KEY_UIApplicationSceneManifest_Generation = YES;
				INFOPLIST_KEY_UIApplicationSupportsIndirectInputEvents = YES;
				INFOPLIST_KEY_UILaunchScreen_Generation = YES;
				INFOPLIST_KEY_UISupportedInterfaceOrientations_iPad = "UIInterfaceOrientationPortrait UIInterfaceOrientationPortraitUpsideDown UIInterfaceOrientationLandscapeLeft UIInterfaceOrientationLandscapeRight";
				INFOPLIST_KEY_UISupportedInterfaceOrientations_iPhone = "UIInterfaceOrientationPortrait UIInterfaceOrientationLandscapeLeft UIInterfaceOrientationLandscapeRight";
				LD_RUNPATH_SEARCH_PATHS = (
					"$(inherited)",
					"@executable_path/Frameworks",
				);
				MARKETING_VERSION = 1.0;
				PRODUCT_BUNDLE_IDENTIFIER = daniramos.YourFirstSocialMedia;
				PRODUCT_NAME = "$(TARGET_NAME)";
				SWIFT_EMIT_LOC_STRINGS = YES;
				SWIFT_VERSION = 5.0;
				TARGETED_DEVICE_FAMILY = "1,2";
			};
			name = Debug;
		};
		614CFA372B2146C40077D5BE /* Release */ = {
			isa = XCBuildConfiguration;
			buildSettings = {
				ASSETCATALOG_COMPILER_APPICON_NAME = AppIcon;
				ASSETCATALOG_COMPILER_GLOBAL_ACCENT_COLOR_NAME = AccentColor;
				CODE_SIGN_STYLE = Automatic;
				CURRENT_PROJECT_VERSION = 1;
				DEVELOPMENT_ASSET_PATHS = "\"YourFirstSocialMedia/Preview Content\"";
				DEVELOPMENT_TEAM = Y4M8Q7FFFV;
				ENABLE_PREVIEWS = YES;
				GENERATE_INFOPLIST_FILE = YES;
				INFOPLIST_KEY_UIApplicationSceneManifest_Generation = YES;
				INFOPLIST_KEY_UIApplicationSupportsIndirectInputEvents = YES;
				INFOPLIST_KEY_UILaunchScreen_Generation = YES;
				INFOPLIST_KEY_UISupportedInterfaceOrientations_iPad = "UIInterfaceOrientationPortrait UIInterfaceOrientationPortraitUpsideDown UIInterfaceOrientationLandscapeLeft UIInterfaceOrientationLandscapeRight";
				INFOPLIST_KEY_UISupportedInterfaceOrientations_iPhone = "UIInterfaceOrientationPortrait UIInterfaceOrientationLandscapeLeft UIInterfaceOrientationLandscapeRight";
				LD_RUNPATH_SEARCH_PATHS = (
					"$(inherited)",
					"@executable_path/Frameworks",
				);
				MARKETING_VERSION = 1.0;
				PRODUCT_BUNDLE_IDENTIFIER = daniramos.YourFirstSocialMedia;
				PRODUCT_NAME = "$(TARGET_NAME)";
				SWIFT_EMIT_LOC_STRINGS = YES;
				SWIFT_VERSION = 5.0;
				TARGETED_DEVICE_FAMILY = "1,2";
			};
			name = Release;
		};
		614CFA392B2146C40077D5BE /* Debug */ = {
			isa = XCBuildConfiguration;
			buildSettings = {
				ALWAYS_EMBED_SWIFT_STANDARD_LIBRARIES = YES;
				BUNDLE_LOADER = "$(TEST_HOST)";
				CODE_SIGN_STYLE = Automatic;
				CURRENT_PROJECT_VERSION = 1;
				DEVELOPMENT_TEAM = Y4M8Q7FFFV;
				GENERATE_INFOPLIST_FILE = YES;
				IPHONEOS_DEPLOYMENT_TARGET = 16.4;
				MARKETING_VERSION = 1.0;
				PRODUCT_BUNDLE_IDENTIFIER = daniramos.YourFirstSocialMediaTests;
				PRODUCT_NAME = "$(TARGET_NAME)";
				SWIFT_EMIT_LOC_STRINGS = NO;
				SWIFT_VERSION = 5.0;
				TARGETED_DEVICE_FAMILY = "1,2";
				TEST_HOST = "$(BUILT_PRODUCTS_DIR)/YourFirstSocialMedia.app/$(BUNDLE_EXECUTABLE_FOLDER_PATH)/YourFirstSocialMedia";
			};
			name = Debug;
		};
		614CFA3A2B2146C40077D5BE /* Release */ = {
			isa = XCBuildConfiguration;
			buildSettings = {
				ALWAYS_EMBED_SWIFT_STANDARD_LIBRARIES = YES;
				BUNDLE_LOADER = "$(TEST_HOST)";
				CODE_SIGN_STYLE = Automatic;
				CURRENT_PROJECT_VERSION = 1;
				DEVELOPMENT_TEAM = Y4M8Q7FFFV;
				GENERATE_INFOPLIST_FILE = YES;
				IPHONEOS_DEPLOYMENT_TARGET = 16.4;
				MARKETING_VERSION = 1.0;
				PRODUCT_BUNDLE_IDENTIFIER = daniramos.YourFirstSocialMediaTests;
				PRODUCT_NAME = "$(TARGET_NAME)";
				SWIFT_EMIT_LOC_STRINGS = NO;
				SWIFT_VERSION = 5.0;
				TARGETED_DEVICE_FAMILY = "1,2";
				TEST_HOST = "$(BUILT_PRODUCTS_DIR)/YourFirstSocialMedia.app/$(BUNDLE_EXECUTABLE_FOLDER_PATH)/YourFirstSocialMedia";
			};
			name = Release;
		};
		614CFA3C2B2146C40077D5BE /* Debug */ = {
			isa = XCBuildConfiguration;
			buildSettings = {
				ALWAYS_EMBED_SWIFT_STANDARD_LIBRARIES = YES;
				CODE_SIGN_STYLE = Automatic;
				CURRENT_PROJECT_VERSION = 1;
				DEVELOPMENT_TEAM = Y4M8Q7FFFV;
				GENERATE_INFOPLIST_FILE = YES;
				MARKETING_VERSION = 1.0;
				PRODUCT_BUNDLE_IDENTIFIER = daniramos.YourFirstSocialMediaUITests;
				PRODUCT_NAME = "$(TARGET_NAME)";
				SWIFT_EMIT_LOC_STRINGS = NO;
				SWIFT_VERSION = 5.0;
				TARGETED_DEVICE_FAMILY = "1,2";
				TEST_TARGET_NAME = YourFirstSocialMedia;
			};
			name = Debug;
		};
		614CFA3D2B2146C40077D5BE /* Release */ = {
			isa = XCBuildConfiguration;
			buildSettings = {
				ALWAYS_EMBED_SWIFT_STANDARD_LIBRARIES = YES;
				CODE_SIGN_STYLE = Automatic;
				CURRENT_PROJECT_VERSION = 1;
				DEVELOPMENT_TEAM = Y4M8Q7FFFV;
				GENERATE_INFOPLIST_FILE = YES;
				MARKETING_VERSION = 1.0;
				PRODUCT_BUNDLE_IDENTIFIER = daniramos.YourFirstSocialMediaUITests;
				PRODUCT_NAME = "$(TARGET_NAME)";
				SWIFT_EMIT_LOC_STRINGS = NO;
				SWIFT_VERSION = 5.0;
				TARGETED_DEVICE_FAMILY = "1,2";
				TEST_TARGET_NAME = YourFirstSocialMedia;
			};
			name = Release;
		};
/* End XCBuildConfiguration section */

/* Begin XCConfigurationList section */
		614CFA0C2B2146C20077D5BE /* Build configuration list for PBXProject "YourFirstSocialMedia" */ = {
			isa = XCConfigurationList;
			buildConfigurations = (
				614CFA332B2146C40077D5BE /* Debug */,
				614CFA342B2146C40077D5BE /* Release */,
			);
			defaultConfigurationIsVisible = 0;
			defaultConfigurationName = Release;
		};
		614CFA352B2146C40077D5BE /* Build configuration list for PBXNativeTarget "YourFirstSocialMedia" */ = {
			isa = XCConfigurationList;
			buildConfigurations = (
				614CFA362B2146C40077D5BE /* Debug */,
				614CFA372B2146C40077D5BE /* Release */,
			);
			defaultConfigurationIsVisible = 0;
			defaultConfigurationName = Release;
		};
		614CFA382B2146C40077D5BE /* Build configuration list for PBXNativeTarget "YourFirstSocialMediaTests" */ = {
			isa = XCConfigurationList;
			buildConfigurations = (
				614CFA392B2146C40077D5BE /* Debug */,
				614CFA3A2B2146C40077D5BE /* Release */,
			);
			defaultConfigurationIsVisible = 0;
			defaultConfigurationName = Release;
		};
		614CFA3B2B2146C40077D5BE /* Build configuration list for PBXNativeTarget "YourFirstSocialMediaUITests" */ = {
			isa = XCConfigurationList;
			buildConfigurations = (
				614CFA3C2B2146C40077D5BE /* Debug */,
				614CFA3D2B2146C40077D5BE /* Release */,
			);
			defaultConfigurationIsVisible = 0;
			defaultConfigurationName = Release;
		};
/* End XCConfigurationList section */
	};
	rootObject = 614CFA092B2146C20077D5BE /* Project object */;
}
